
Microsoft Visual Studio Solution File, Format Version 12.00
# Visual Studio Version 17
VisualStudioVersion = 17.0.31903.59
MinimumVisualStudioVersion = 10.0.40219.1
Project("{FAE04EC0-301F-11D3-BF4B-00C04F79EFBC}") = "Ecommerce.WebUI", "Ecommerce.WebUI\Ecommerce.WebUI.csproj", "{A4ACAC26-6413-451D-BFFB-3ABC8EB0295B}"
EndProject
Project("{FAE04EC0-301F-11D3-BF4B-00C04F79EFBC}") = "Ecommerce.DataAccess", "Ecommerce.DataAccess\Ecommerce.DataAccess.csproj", "{00BF90D8-7927-4E5F-B1B3-8C5457FDF8B9}"
EndProject
Project("{FAE04EC0-301F-11D3-BF4B-00C04F79EFBC}") = "Ecommerce.Business", "Ecommerce.Business\Ecommerce.Business.csproj", "{1712F96F-AA84-4FAF-842F-2448B0D19C41}"
EndProject
Project("{FAE04EC0-301F-11D3-BF4B-00C04F79EFBC}") = "Ecommerce.Entities", "Ecommerce.Entities\Ecommerce.Entities.csproj", "{7964D037-02CC-421D-A883-1AD3E0B98096}"
EndProject
Project("{FAE04EC0-301F-11D3-BF4B-00C04F79EFBC}") = "Ecommerce.Core", "Ecommerce.Core\Ecommerce.Core.csproj", "{DADF9E2B-84E6-456F-BF74-9D0D1F9BA370}"
EndProject
Project("{FAE04EC0-301F-11D3-BF4B-00C04F79EFBC}") = "Ecommerce.WebApi", "Ecommerce.WebApi\Ecommerce.WebApi.csproj", "{6D885140-67E2-4161-90F8-C523E8CF7A81}"
EndProject
Global
	GlobalSection(SolutionConfigurationPlatforms) = preSolution
		Debug|Any CPU = Debug|Any CPU
		Release|Any CPU = Release|Any CPU
	EndGlobalSection
	GlobalSection(SolutionProperties) = preSolution
		HideSolutionNode = FALSE
	EndGlobalSection
	GlobalSection(ProjectConfigurationPlatforms) = postSolution
		{A4ACAC26-6413-451D-BFFB-3ABC8EB0295B}.Debug|Any CPU.ActiveCfg = Debug|Any CPU
		{A4ACAC26-6413-451D-BFFB-3ABC8EB0295B}.Debug|Any CPU.Build.0 = Debug|Any CPU
		{A4ACAC26-6413-451D-BFFB-3ABC8EB0295B}.Release|Any CPU.ActiveCfg = Release|Any CPU
		{A4ACAC26-6413-451D-BFFB-3ABC8EB0295B}.Release|Any CPU.Build.0 = Release|Any CPU
		{00BF90D8-7927-4E5F-B1B3-8C5457FDF8B9}.Debug|Any CPU.ActiveCfg = Debug|Any CPU
		{00BF90D8-7927-4E5F-B1B3-8C5457FDF8B9}.Debug|Any CPU.Build.0 = Debug|Any CPU
		{00BF90D8-7927-4E5F-B1B3-8C5457FDF8B9}.Release|Any CPU.ActiveCfg = Release|Any CPU
		{00BF90D8-7927-4E5F-B1B3-8C5457FDF8B9}.Release|Any CPU.Build.0 = Release|Any CPU
		{1712F96F-AA84-4FAF-842F-2448B0D19C41}.Debug|Any CPU.ActiveCfg = Debug|Any CPU
		{1712F96F-AA84-4FAF-842F-2448B0D19C41}.Debug|Any CPU.Build.0 = Debug|Any CPU
		{1712F96F-AA84-4FAF-842F-2448B0D19C41}.Release|Any CPU.ActiveCfg = Release|Any CPU
		{1712F96F-AA84-4FAF-842F-2448B0D19C41}.Release|Any CPU.Build.0 = Release|Any CPU
		{7964D037-02CC-421D-A883-1AD3E0B98096}.Debug|Any CPU.ActiveCfg = Debug|Any CPU
		{7964D037-02CC-421D-A883-1AD3E0B98096}.Debug|Any CPU.Build.0 = Debug|Any CPU
		{7964D037-02CC-421D-A883-1AD3E0B98096}.Release|Any CPU.ActiveCfg = Release|Any CPU
		{7964D037-02CC-421D-A883-1AD3E0B98096}.Release|Any CPU.Build.0 = Release|Any CPU
		{DADF9E2B-84E6-456F-BF74-9D0D1F9BA370}.Debug|Any CPU.ActiveCfg = Debug|Any CPU
		{DADF9E2B-84E6-456F-BF74-9D0D1F9BA370}.Debug|Any CPU.Build.0 = Debug|Any CPU
		{DADF9E2B-84E6-456F-BF74-9D0D1F9BA370}.Release|Any CPU.ActiveCfg = Release|Any CPU
		{DADF9E2B-84E6-456F-BF74-9D0D1F9BA370}.Release|Any CPU.Build.0 = Release|Any CPU
		{6D885140-67E2-4161-90F8-C523E8CF7A81}.Debug|Any CPU.ActiveCfg = Debug|Any CPU
		{6D885140-67E2-4161-90F8-C523E8CF7A81}.Debug|Any CPU.Build.0 = Debug|Any CPU
		{6D885140-67E2-4161-90F8-C523E8CF7A81}.Release|Any CPU.ActiveCfg = Release|Any CPU
		{6D885140-67E2-4161-90F8-C523E8CF7A81}.Release|Any CPU.Build.0 = Release|Any CPU
	EndGlobalSection
EndGlobal
